# This file was autogenerated by Stack.
# You should not edit this file by hand.
# For more information, please see the documentation at:
#   https://docs.haskellstack.org/en/stable/lock_files

packages:
- completed:
    hackage: quickcheck-arbitrary-adt-0.3.0.0@sha256:490d0de779c2851a00531a9bcd70f9a64bb850fb4cfa790331eb6bf9198bbe4a,1471
    pantry-tree:
      size: 381
      sha256: 947164bcae0978b2624a1d3777f5b9d97ae3b7f618a16a82430eda67f35b50b5
  original:
    hackage: quickcheck-arbitrary-adt-0.3.0.0
snapshots:
- completed:
    size: 534126
    url: https://raw.githubusercontent.com/commercialhaskell/stackage-snapshots/master/lts/16/31.yaml
    sha256: 637fb77049b25560622a224845b7acfe81a09fdb6a96a3c75997a10b651667f6
  original: lts-16.31
